// !$*UTF8*$!
{
	archiveVersion = 1;
	classes = {
	};
	objectVersion = 46;
	objects = {

/* Begin PBXBuildFile section */
		D06898331ED02EEA006FBA77 /* main.m in Sources */ = {isa = PBXBuildFile; fileRef = D06898321ED02EEA006FBA77 /* main.m */; };
		D06898361ED02EEA006FBA77 /* AppDelegate.m in Sources */ = {isa = PBXBuildFile; fileRef = D06898351ED02EEA006FBA77 /* AppDelegate.m */; };
		D068983E1ED02EEA006FBA77 /* Assets.xcassets in Resources */ = {isa = PBXBuildFile; fileRef = D068983D1ED02EEA006FBA77 /* Assets.xcassets */; };
		D06898411ED02EEA006FBA77 /* LaunchScreen.storyboard in Resources */ = {isa = PBXBuildFile; fileRef = D068983F1ED02EEA006FBA77 /* LaunchScreen.storyboard */; };
		D06898571ED03B7F006FBA77 /* RootTabBarController.m in Sources */ = {isa = PBXBuildFile; fileRef = D06898551ED03B7F006FBA77 /* RootTabBarController.m */; };
		D06898611ED03F95006FBA77 /* RootNavigationController.m in Sources */ = {isa = PBXBuildFile; fileRef = D068985F1ED03F95006FBA77 /* RootNavigationController.m */; };
		D068986E1ED04340006FBA77 /* ReadyMoveViewController.m in Sources */ = {isa = PBXBuildFile; fileRef = D068986C1ED04340006FBA77 /* ReadyMoveViewController.m */; };
		D068986F1ED04340006FBA77 /* ReadyMoveViewController.xib in Resources */ = {isa = PBXBuildFile; fileRef = D068986D1ED04340006FBA77 /* ReadyMoveViewController.xib */; };
		D06898731ED04398006FBA77 /* MovingViewController.m in Sources */ = {isa = PBXBuildFile; fileRef = D06898711ED04398006FBA77 /* MovingViewController.m */; };
		D06898741ED04398006FBA77 /* MovingViewController.xib in Resources */ = {isa = PBXBuildFile; fileRef = D06898721ED04398006FBA77 /* MovingViewController.xib */; };
		D068987D1ED0440A006FBA77 /* MoveDetailViewController.m in Sources */ = {isa = PBXBuildFile; fileRef = D068987B1ED0440A006FBA77 /* MoveDetailViewController.m */; };
		D068987E1ED0440A006FBA77 /* MoveDetailViewController.xib in Resources */ = {isa = PBXBuildFile; fileRef = D068987C1ED0440A006FBA77 /* MoveDetailViewController.xib */; };
		D06898821ED04422006FBA77 /* SetViewController.m in Sources */ = {isa = PBXBuildFile; fileRef = D06898801ED04422006FBA77 /* SetViewController.m */; };
		D06898831ED04422006FBA77 /* SetViewController.xib in Resources */ = {isa = PBXBuildFile; fileRef = D06898811ED04422006FBA77 /* SetViewController.xib */; };
		D06898871ED046B5006FBA77 /* MoveHistoryListViewController.m in Sources */ = {isa = PBXBuildFile; fileRef = D06898851ED046B5006FBA77 /* MoveHistoryListViewController.m */; };
		D06898881ED046B5006FBA77 /* MoveHistoryListViewController.xib in Resources */ = {isa = PBXBuildFile; fileRef = D06898861ED046B5006FBA77 /* MoveHistoryListViewController.xib */; };
		D06898961ED057DF006FBA77 /* BaseControl.m in Sources */ = {isa = PBXBuildFile; fileRef = D06898951ED057DF006FBA77 /* BaseControl.m */; };
		D068989A1ED05803006FBA77 /* BaseViewController.m in Sources */ = {isa = PBXBuildFile; fileRef = D06898981ED05803006FBA77 /* BaseViewController.m */; };
		D068989B1ED05803006FBA77 /* BaseViewController.xib in Resources */ = {isa = PBXBuildFile; fileRef = D06898991ED05803006FBA77 /* BaseViewController.xib */; };
		D06898A21ED05E91006FBA77 /* RootViewController.m in Sources */ = {isa = PBXBuildFile; fileRef = D06898A01ED05E91006FBA77 /* RootViewController.m */; };
		D06898A31ED05E91006FBA77 /* RootViewController.xib in Resources */ = {isa = PBXBuildFile; fileRef = D06898A11ED05E91006FBA77 /* RootViewController.xib */; };
		D06898A61ED05EC8006FBA77 /* RootControl.m in Sources */ = {isa = PBXBuildFile; fileRef = D06898A51ED05EC8006FBA77 /* RootControl.m */; };
		D06898A91ED06975006FBA77 /* RootTabBarControl.m in Sources */ = {isa = PBXBuildFile; fileRef = D06898A81ED06975006FBA77 /* RootTabBarControl.m */; };
		D06898AC1ED0A1FB006FBA77 /* RootTabBarController.xib in Resources */ = {isa = PBXBuildFile; fileRef = D06898AB1ED0A1FB006FBA77 /* RootTabBarController.xib */; };
/* End PBXBuildFile section */

/* Begin PBXFileReference section */
		D068982E1ED02EEA006FBA77 /* MoveUp.app */ = {isa = PBXFileReference; explicitFileType = wrapper.application; includeInIndex = 0; path = MoveUp.app; sourceTree = BUILT_PRODUCTS_DIR; };
		D06898321ED02EEA006FBA77 /* main.m */ = {isa = PBXFileReference; lastKnownFileType = sourcecode.c.objc; path = main.m; sourceTree = "<group>"; };
		D06898341ED02EEA006FBA77 /* AppDelegate.h */ = {isa = PBXFileReference; lastKnownFileType = sourcecode.c.h; path = AppDelegate.h; sourceTree = "<group>"; };
		D06898351ED02EEA006FBA77 /* AppDelegate.m */ = {isa = PBXFileReference; lastKnownFileType = sourcecode.c.objc; path = AppDelegate.m; sourceTree = "<group>"; };
		D068983D1ED02EEA006FBA77 /* Assets.xcassets */ = {isa = PBXFileReference; lastKnownFileType = folder.assetcatalog; path = Assets.xcassets; sourceTree = "<group>"; };
		D06898401ED02EEA006FBA77 /* Base */ = {isa = PBXFileReference; lastKnownFileType = file.storyboard; name = Base; path = Base.lproj/LaunchScreen.storyboard; sourceTree = "<group>"; };
		D06898421ED02EEA006FBA77 /* Info.plist */ = {isa = PBXFileReference; lastKnownFileType = text.plist.xml; path = Info.plist; sourceTree = "<group>"; };
		D06898541ED03B7F006FBA77 /* RootTabBarController.h */ = {isa = PBXFileReference; fileEncoding = 4; lastKnownFileType = sourcecode.c.h; path = RootTabBarController.h; sourceTree = "<group>"; };
		D06898551ED03B7F006FBA77 /* RootTabBarController.m */ = {isa = PBXFileReference; fileEncoding = 4; lastKnownFileType = sourcecode.c.objc; path = RootTabBarController.m; sourceTree = "<group>"; };
		D068985E1ED03F95006FBA77 /* RootNavigationController.h */ = {isa = PBXFileReference; fileEncoding = 4; lastKnownFileType = sourcecode.c.h; path = RootNavigationController.h; sourceTree = "<group>"; };
		D068985F1ED03F95006FBA77 /* RootNavigationController.m */ = {isa = PBXFileReference; fileEncoding = 4; lastKnownFileType = sourcecode.c.objc; path = RootNavigationController.m; sourceTree = "<group>"; };
		D068986B1ED04340006FBA77 /* ReadyMoveViewController.h */ = {isa = PBXFileReference; fileEncoding = 4; lastKnownFileType = sourcecode.c.h; path = ReadyMoveViewController.h; sourceTree = "<group>"; };
		D068986C1ED04340006FBA77 /* ReadyMoveViewController.m */ = {isa = PBXFileReference; fileEncoding = 4; lastKnownFileType = sourcecode.c.objc; path = ReadyMoveViewController.m; sourceTree = "<group>"; };
		D068986D1ED04340006FBA77 /* ReadyMoveViewController.xib */ = {isa = PBXFileReference; fileEncoding = 4; lastKnownFileType = file.xib; path = ReadyMoveViewController.xib; sourceTree = "<group>"; };
		D06898701ED04398006FBA77 /* MovingViewController.h */ = {isa = PBXFileReference; fileEncoding = 4; lastKnownFileType = sourcecode.c.h; path = MovingViewController.h; sourceTree = "<group>"; };
		D06898711ED04398006FBA77 /* MovingViewController.m */ = {isa = PBXFileReference; fileEncoding = 4; lastKnownFileType = sourcecode.c.objc; path = MovingViewController.m; sourceTree = "<group>"; };
		D06898721ED04398006FBA77 /* MovingViewController.xib */ = {isa = PBXFileReference; fileEncoding = 4; lastKnownFileType = file.xib; path = MovingViewController.xib; sourceTree = "<group>"; };
		D068987A1ED0440A006FBA77 /* MoveDetailViewController.h */ = {isa = PBXFileReference; fileEncoding = 4; lastKnownFileType = sourcecode.c.h; path = MoveDetailViewController.h; sourceTree = "<group>"; };
		D068987B1ED0440A006FBA77 /* MoveDetailViewController.m */ = {isa = PBXFileReference; fileEncoding = 4; lastKnownFileType = sourcecode.c.objc; path = MoveDetailViewController.m; sourceTree = "<group>"; };
		D068987C1ED0440A006FBA77 /* MoveDetailViewController.xib */ = {isa = PBXFileReference; fileEncoding = 4; lastKnownFileType = file.xib; path = MoveDetailViewController.xib; sourceTree = "<group>"; };
		D068987F1ED04422006FBA77 /* SetViewController.h */ = {isa = PBXFileReference; fileEncoding = 4; lastKnownFileType = sourcecode.c.h; path = SetViewController.h; sourceTree = "<group>"; };
		D06898801ED04422006FBA77 /* SetViewController.m */ = {isa = PBXFileReference; fileEncoding = 4; lastKnownFileType = sourcecode.c.objc; path = SetViewController.m; sourceTree = "<group>"; };
		D06898811ED04422006FBA77 /* SetViewController.xib */ = {isa = PBXFileReference; fileEncoding = 4; lastKnownFileType = file.xib; path = SetViewController.xib; sourceTree = "<group>"; };
		D06898841ED046B5006FBA77 /* MoveHistoryListViewController.h */ = {isa = PBXFileReference; fileEncoding = 4; lastKnownFileType = sourcecode.c.h; path = MoveHistoryListViewController.h; sourceTree = "<group>"; };
		D06898851ED046B5006FBA77 /* MoveHistoryListViewController.m */ = {isa = PBXFileReference; fileEncoding = 4; lastKnownFileType = sourcecode.c.objc; path = MoveHistoryListViewController.m; sourceTree = "<group>"; };
		D06898861ED046B5006FBA77 /* MoveHistoryListViewController.xib */ = {isa = PBXFileReference; fileEncoding = 4; lastKnownFileType = file.xib; path = MoveHistoryListViewController.xib; sourceTree = "<group>"; };
		D06898941ED057DF006FBA77 /* BaseControl.h */ = {isa = PBXFileReference; fileEncoding = 4; lastKnownFileType = sourcecode.c.h; path = BaseControl.h; sourceTree = "<group>"; };
		D06898951ED057DF006FBA77 /* BaseControl.m */ = {isa = PBXFileReference; fileEncoding = 4; lastKnownFileType = sourcecode.c.objc; path = BaseControl.m; sourceTree = "<group>"; };
		D06898971ED05803006FBA77 /* BaseViewController.h */ = {isa = PBXFileReference; fileEncoding = 4; lastKnownFileType = sourcecode.c.h; path = BaseViewController.h; sourceTree = "<group>"; };
		D06898981ED05803006FBA77 /* BaseViewController.m */ = {isa = PBXFileReference; fileEncoding = 4; lastKnownFileType = sourcecode.c.objc; path = BaseViewController.m; sourceTree = "<group>"; };
		D06898991ED05803006FBA77 /* BaseViewController.xib */ = {isa = PBXFileReference; fileEncoding = 4; lastKnownFileType = file.xib; path = BaseViewController.xib; sourceTree = "<group>"; };
		D068989F1ED05E91006FBA77 /* RootViewController.h */ = {isa = PBXFileReference; fileEncoding = 4; lastKnownFileType = sourcecode.c.h; path = RootViewController.h; sourceTree = "<group>"; };
		D06898A01ED05E91006FBA77 /* RootViewController.m */ = {isa = PBXFileReference; fileEncoding = 4; lastKnownFileType = sourcecode.c.objc; path = RootViewController.m; sourceTree = "<group>"; };
		D06898A11ED05E91006FBA77 /* RootViewController.xib */ = {isa = PBXFileReference; fileEncoding = 4; lastKnownFileType = file.xib; path = RootViewController.xib; sourceTree = "<group>"; };
		D06898A41ED05EC8006FBA77 /* RootControl.h */ = {isa = PBXFileReference; fileEncoding = 4; lastKnownFileType = sourcecode.c.h; path = RootControl.h; sourceTree = "<group>"; };
		D06898A51ED05EC8006FBA77 /* RootControl.m */ = {isa = PBXFileReference; fileEncoding = 4; lastKnownFileType = sourcecode.c.objc; path = RootControl.m; sourceTree = "<group>"; };
		D06898A71ED06975006FBA77 /* RootTabBarControl.h */ = {isa = PBXFileReference; fileEncoding = 4; lastKnownFileType = sourcecode.c.h; path = RootTabBarControl.h; sourceTree = "<group>"; };
		D06898A81ED06975006FBA77 /* RootTabBarControl.m */ = {isa = PBXFileReference; fileEncoding = 4; lastKnownFileType = sourcecode.c.objc; path = RootTabBarControl.m; sourceTree = "<group>"; };
		D06898AA1ED08B64006FBA77 /* BaseViewControllerDelegate.h */ = {isa = PBXFileReference; fileEncoding = 4; lastKnownFileType = sourcecode.c.h; path = BaseViewControllerDelegate.h; sourceTree = "<group>"; };
		D06898AB1ED0A1FB006FBA77 /* RootTabBarController.xib */ = {isa = PBXFileReference; fileEncoding = 4; lastKnownFileType = file.xib; path = RootTabBarController.xib; sourceTree = "<group>"; };
/* End PBXFileReference section */

/* Begin PBXFrameworksBuildPhase section */
		D068982B1ED02EEA006FBA77 /* Frameworks */ = {
			isa = PBXFrameworksBuildPhase;
			buildActionMask = 2147483647;
			files = (
			);
			runOnlyForDeploymentPostprocessing = 0;
		};
/* End PBXFrameworksBuildPhase section */

/* Begin PBXGroup section */
		D06898251ED02EEA006FBA77 = {
			isa = PBXGroup;
			children = (
				D06898301ED02EEA006FBA77 /* MoveUp */,
				D068982F1ED02EEA006FBA77 /* Products */,
			);
			sourceTree = "<group>";
		};
		D068982F1ED02EEA006FBA77 /* Products */ = {
			isa = PBXGroup;
			children = (
				D068982E1ED02EEA006FBA77 /* MoveUp.app */,
			);
			name = Products;
			sourceTree = "<group>";
		};
		D06898301ED02EEA006FBA77 /* MoveUp */ = {
			isa = PBXGroup;
			children = (
				D06898341ED02EEA006FBA77 /* AppDelegate.h */,
				D06898351ED02EEA006FBA77 /* AppDelegate.m */,
				D068984A1ED03607006FBA77 /* Model */,
				D068984B1ED03615006FBA77 /* View */,
				D068984D1ED03624006FBA77 /* ViewModel */,
				D06898311ED02EEA006FBA77 /* Supporting Files */,
			);
			path = MoveUp;
			sourceTree = "<group>";
		};
		D06898311ED02EEA006FBA77 /* Supporting Files */ = {
			isa = PBXGroup;
			children = (
				D06898321ED02EEA006FBA77 /* main.m */,
				D068983D1ED02EEA006FBA77 /* Assets.xcassets */,
				D068983F1ED02EEA006FBA77 /* LaunchScreen.storyboard */,
				D06898421ED02EEA006FBA77 /* Info.plist */,
			);
			name = "Supporting Files";
			sourceTree = "<group>";
		};
		D068984A1ED03607006FBA77 /* Model */ = {
			isa = PBXGroup;
			children = (
			);
			path = Model;
			sourceTree = "<group>";
		};
		D068984B1ED03615006FBA77 /* View */ = {
			isa = PBXGroup;
			children = (
				D06898971ED05803006FBA77 /* BaseViewController.h */,
				D06898981ED05803006FBA77 /* BaseViewController.m */,
				D06898991ED05803006FBA77 /* BaseViewController.xib */,
				D06898AA1ED08B64006FBA77 /* BaseViewControllerDelegate.h */,
				D06898531ED03B7F006FBA77 /* Root */,
				D06898641ED0417C006FBA77 /* Move */,
				D06898631ED0417C006FBA77 /* History */,
				D06898651ED0417C006FBA77 /* Set */,
				D068986A1ED042DA006FBA77 /* Introduce */,
			);
			path = View;
			sourceTree = "<group>";
		};
		D068984D1ED03624006FBA77 /* ViewModel */ = {
			isa = PBXGroup;
			children = (
				D06898941ED057DF006FBA77 /* BaseControl.h */,
				D06898951ED057DF006FBA77 /* BaseControl.m */,
				D06898901ED0542A006FBA77 /* RootControl */,
				D068988D1ED0542A006FBA77 /* MoveControl */,
				D06898891ED0542A006FBA77 /* HistoryControl */,
				D06898911ED0542A006FBA77 /* SetControl */,
				D068988C1ED0542A006FBA77 /* IntroduceControl */,
			);
			path = ViewModel;
			sourceTree = "<group>";
		};
		D06898531ED03B7F006FBA77 /* Root */ = {
			isa = PBXGroup;
			children = (
				D068989F1ED05E91006FBA77 /* RootViewController.h */,
				D06898A01ED05E91006FBA77 /* RootViewController.m */,
				D06898A11ED05E91006FBA77 /* RootViewController.xib */,
				D06898541ED03B7F006FBA77 /* RootTabBarController.h */,
				D06898551ED03B7F006FBA77 /* RootTabBarController.m */,
				D06898AB1ED0A1FB006FBA77 /* RootTabBarController.xib */,
				D068985E1ED03F95006FBA77 /* RootNavigationController.h */,
				D068985F1ED03F95006FBA77 /* RootNavigationController.m */,
			);
			path = Root;
			sourceTree = "<group>";
		};
		D06898631ED0417C006FBA77 /* History */ = {
			isa = PBXGroup;
			children = (
				D06898691ED04250006FBA77 /* List */,
				D06898681ED04250006FBA77 /* Detail */,
			);
			path = History;
			sourceTree = "<group>";
		};
		D06898641ED0417C006FBA77 /* Move */ = {
			isa = PBXGroup;
			children = (
				D06898671ED04241006FBA77 /* Ready */,
				D06898661ED04241006FBA77 /* Moving */,
			);
			path = Move;
			sourceTree = "<group>";
		};
		D06898651ED0417C006FBA77 /* Set */ = {
			isa = PBXGroup;
			children = (
				D068987F1ED04422006FBA77 /* SetViewController.h */,
				D06898801ED04422006FBA77 /* SetViewController.m */,
				D06898811ED04422006FBA77 /* SetViewController.xib */,
			);
			path = Set;
			sourceTree = "<group>";
		};
		D06898661ED04241006FBA77 /* Moving */ = {
			isa = PBXGroup;
			children = (
				D06898701ED04398006FBA77 /* MovingViewController.h */,
				D06898711ED04398006FBA77 /* MovingViewController.m */,
				D06898721ED04398006FBA77 /* MovingViewController.xib */,
			);
			path = Moving;
			sourceTree = "<group>";
		};
		D06898671ED04241006FBA77 /* Ready */ = {
			isa = PBXGroup;
			children = (
				D068986B1ED04340006FBA77 /* ReadyMoveViewController.h */,
				D068986C1ED04340006FBA77 /* ReadyMoveViewController.m */,
				D068986D1ED04340006FBA77 /* ReadyMoveViewController.xib */,
			);
			path = Ready;
			sourceTree = "<group>";
		};
		D06898681ED04250006FBA77 /* Detail */ = {
			isa = PBXGroup;
			children = (
				D068987A1ED0440A006FBA77 /* MoveDetailViewController.h */,
				D068987B1ED0440A006FBA77 /* MoveDetailViewController.m */,
				D068987C1ED0440A006FBA77 /* MoveDetailViewController.xib */,
			);
			path = Detail;
			sourceTree = "<group>";
		};
		D06898691ED04250006FBA77 /* List */ = {
			isa = PBXGroup;
			children = (
				D06898841ED046B5006FBA77 /* MoveHistoryListViewController.h */,
				D06898851ED046B5006FBA77 /* MoveHistoryListViewController.m */,
				D06898861ED046B5006FBA77 /* MoveHistoryListViewController.xib */,
			);
			path = List;
			sourceTree = "<group>";
		};
		D068986A1ED042DA006FBA77 /* Introduce */ = {
			isa = PBXGroup;
			children = (
			);
			path = Introduce;
			sourceTree = "<group>";
		};
		D06898891ED0542A006FBA77 /* HistoryControl */ = {
			isa = PBXGroup;
			children = (
				D068988A1ED0542A006FBA77 /* DetailControl */,
				D068988B1ED0542A006FBA77 /* ListControl */,
			);
			path = HistoryControl;
			sourceTree = "<group>";
		};
		D068988A1ED0542A006FBA77 /* DetailControl */ = {
			isa = PBXGroup;
			children = (
			);
			path = DetailControl;
			sourceTree = "<group>";
		};
		D068988B1ED0542A006FBA77 /* ListControl */ = {
			isa = PBXGroup;
			children = (
			);
			path = ListControl;
			sourceTree = "<group>";
		};
		D068988C1ED0542A006FBA77 /* IntroduceControl */ = {
			isa = PBXGroup;
			children = (
			);
			path = IntroduceControl;
			sourceTree = "<group>";
		};
		D068988D1ED0542A006FBA77 /* MoveControl */ = {
			isa = PBXGroup;
			children = (
				D06898921ED05488006FBA77 /* MovingControl */,
				D06898931ED05488006FBA77 /* ReadyControl */,
			);
			path = MoveControl;
			sourceTree = "<group>";
		};
		D06898901ED0542A006FBA77 /* RootControl */ = {
			isa = PBXGroup;
			children = (
				D06898A41ED05EC8006FBA77 /* RootControl.h */,
				D06898A51ED05EC8006FBA77 /* RootControl.m */,
				D06898A71ED06975006FBA77 /* RootTabBarControl.h */,
				D06898A81ED06975006FBA77 /* RootTabBarControl.m */,
			);
			path = RootControl;
			sourceTree = "<group>";
		};
		D06898911ED0542A006FBA77 /* SetControl */ = {
			isa = PBXGroup;
			children = (
			);
			path = SetControl;
			sourceTree = "<group>";
		};
		D06898921ED05488006FBA77 /* MovingControl */ = {
			isa = PBXGroup;
			children = (
			);
			path = MovingControl;
			sourceTree = "<group>";
		};
		D06898931ED05488006FBA77 /* ReadyControl */ = {
			isa = PBXGroup;
			children = (
			);
			path = ReadyControl;
			sourceTree = "<group>";
		};
/* End PBXGroup section */

/* Begin PBXNativeTarget section */
		D068982D1ED02EEA006FBA77 /* MoveUp */ = {
			isa = PBXNativeTarget;
			buildConfigurationList = D06898451ED02EEA006FBA77 /* Build configuration list for PBXNativeTarget "MoveUp" */;
			buildPhases = (
				D068982A1ED02EEA006FBA77 /* Sources */,
				D068982B1ED02EEA006FBA77 /* Frameworks */,
				D068982C1ED02EEA006FBA77 /* Resources */,
			);
			buildRules = (
			);
			dependencies = (
			);
			name = MoveUp;
			productName = MoveUp;
			productReference = D068982E1ED02EEA006FBA77 /* MoveUp.app */;
			productType = "com.apple.product-type.application";
		};
/* End PBXNativeTarget section */

/* Begin PBXProject section */
		D06898261ED02EEA006FBA77 /* Project object */ = {
			isa = PBXProject;
			attributes = {
				LastUpgradeCheck = 0800;
				ORGANIZATIONNAME = sayyou2012;
				TargetAttributes = {
					D068982D1ED02EEA006FBA77 = {
						CreatedOnToolsVersion = 8.0;
						ProvisioningStyle = Automatic;
					};
				};
			};
			buildConfigurationList = D06898291ED02EEA006FBA77 /* Build configuration list for PBXProject "MoveUp" */;
			compatibilityVersion = "Xcode 3.2";
			developmentRegion = English;
			hasScannedForEncodings = 0;
			knownRegions = (
				en,
				Base,
			);
			mainGroup = D06898251ED02EEA006FBA77;
			productRefGroup = D068982F1ED02EEA006FBA77 /* Products */;
			projectDirPath = "";
			projectRoot = "";
			targets = (
				D068982D1ED02EEA006FBA77 /* MoveUp */,
			);
		};
/* End PBXProject section */

/* Begin PBXResourcesBuildPhase section */
		D068982C1ED02EEA006FBA77 /* Resources */ = {
			isa = PBXResourcesBuildPhase;
			buildActionMask = 2147483647;
			files = (
				D068987E1ED0440A006FBA77 /* MoveDetailViewController.xib in Resources */,
				D06898AC1ED0A1FB006FBA77 /* RootTabBarController.xib in Resources */,
				D068989B1ED05803006FBA77 /* BaseViewController.xib in Resources */,
				D06898831ED04422006FBA77 /* SetViewController.xib in Resources */,
				D06898881ED046B5006FBA77 /* MoveHistoryListViewController.xib in Resources */,
				D06898411ED02EEA006FBA77 /* LaunchScreen.storyboard in Resources */,
				D06898A31ED05E91006FBA77 /* RootViewController.xib in Resources */,
				D068983E1ED02EEA006FBA77 /* Assets.xcassets in Resources */,
				D06898741ED04398006FBA77 /* MovingViewController.xib in Resources */,
				D068986F1ED04340006FBA77 /* ReadyMoveViewController.xib in Resources */,
			);
			runOnlyForDeploymentPostprocessing = 0;
		};
/* End PBXResourcesBuildPhase section */

/* Begin PBXSourcesBuildPhase section */
		D068982A1ED02EEA006FBA77 /* Sources */ = {
			isa = PBXSourcesBuildPhase;
			buildActionMask = 2147483647;
			files = (
				D06898961ED057DF006FBA77 /* BaseControl.m in Sources */,
				D06898A91ED06975006FBA77 /* RootTabBarControl.m in Sources */,
				D06898871ED046B5006FBA77 /* MoveHistoryListViewController.m in Sources */,
				D068989A1ED05803006FBA77 /* BaseViewController.m in Sources */,
				D06898571ED03B7F006FBA77 /* RootTabBarController.m in Sources */,
				D06898361ED02EEA006FBA77 /* AppDelegate.m in Sources */,
				D06898821ED04422006FBA77 /* SetViewController.m in Sources */,
				D06898A61ED05EC8006FBA77 /* RootControl.m in Sources */,
				D06898731ED04398006FBA77 /* MovingViewController.m in Sources */,
				D06898611ED03F95006FBA77 /* RootNavigationController.m in Sources */,
				D068986E1ED04340006FBA77 /* ReadyMoveViewController.m in Sources */,
				D06898A21ED05E91006FBA77 /* RootViewController.m in Sources */,
				D068987D1ED0440A006FBA77 /* MoveDetailViewController.m in Sources */,
				D06898331ED02EEA006FBA77 /* main.m in Sources */,
			);
			runOnlyForDeploymentPostprocessing = 0;
		};
/* End PBXSourcesBuildPhase section */

/* Begin PBXVariantGroup section */
		D068983F1ED02EEA006FBA77 /* LaunchScreen.storyboard */ = {
			isa = PBXVariantGroup;
			children = (
				D06898401ED02EEA006FBA77 /* Base */,
			);
			name = LaunchScreen.storyboard;
			sourceTree = "<group>";
		};
/* End PBXVariantGroup section */

/* Begin XCBuildConfiguration section */
		D06898431ED02EEA006FBA77 /* Debug */ = {
			isa = XCBuildConfiguration;
			buildSettings = {
				ALWAYS_SEARCH_USER_PATHS = NO;
				CLANG_ANALYZER_NONNULL = YES;
				CLANG_CXX_LANGUAGE_STANDARD = "gnu++0x";
				CLANG_CXX_LIBRARY = "libc++";
				CLANG_ENABLE_MODULES = YES;
				CLANG_ENABLE_OBJC_ARC = YES;
				CLANG_WARN_BOOL_CONVERSION = YES;
				CLANG_WARN_CONSTANT_CONVERSION = YES;
				CLANG_WARN_DIRECT_OBJC_ISA_USAGE = YES_ERROR;
				CLANG_WARN_DOCUMENTATION_COMMENTS = YES;
				CLANG_WARN_EMPTY_BODY = YES;
				CLANG_WARN_ENUM_CONVERSION = YES;
				CLANG_WARN_INFINITE_RECURSION = YES;
				CLANG_WARN_INT_CONVERSION = YES;
				CLANG_WARN_OBJC_ROOT_CLASS = YES_ERROR;
				CLANG_WARN_SUSPICIOUS_MOVES = YES;
				CLANG_WARN_UNREACHABLE_CODE = YES;
				CLANG_WARN__DUPLICATE_METHOD_MATCH = YES;
				"CODE_SIGN_IDENTITY[sdk=iphoneos*]" = "iPhone Developer";
				COPY_PHASE_STRIP = NO;
				DEBUG_INFORMATION_FORMAT = dwarf;
				ENABLE_STRICT_OBJC_MSGSEND = YES;
				ENABLE_TESTABILITY = YES;
				GCC_C_LANGUAGE_STANDARD = gnu99;
				GCC_DYNAMIC_NO_PIC = NO;
				GCC_NO_COMMON_BLOCKS = YES;
				GCC_OPTIMIZATION_LEVEL = 0;
				GCC_PREPROCESSOR_DEFINITIONS = (
					"DEBUG=1",
					"$(inherited)",
				);
				GCC_WARN_64_TO_32_BIT_CONVERSION = YES;
				GCC_WARN_ABOUT_RETURN_TYPE = YES_ERROR;
				GCC_WARN_UNDECLARED_SELECTOR = YES;
				GCC_WARN_UNINITIALIZED_AUTOS = YES_AGGRESSIVE;
				GCC_WARN_UNUSED_FUNCTION = YES;
				GCC_WARN_UNUSED_VARIABLE = YES;
				IPHONEOS_DEPLOYMENT_TARGET = 10.0;
				MTL_ENABLE_DEBUG_INFO = YES;
				ONLY_ACTIVE_ARCH = YES;
				SDKROOT = iphoneos;
			};
			name = Debug;
		};
		D06898441ED02EEA006FBA77 /* Release */ = {
			isa = XCBuildConfiguration;
			buildSettings = {
				ALWAYS_SEARCH_USER_PATHS = NO;
				CLANG_ANALYZER_NONNULL = YES;
				CLANG_CXX_LANGUAGE_STANDARD = "gnu++0x";
				CLANG_CXX_LIBRARY = "libc++";
				CLANG_ENABLE_MODULES = YES;
				CLANG_ENABLE_OBJC_ARC = YES;
				CLANG_WARN_BOOL_CONVERSION = YES;
				CLANG_WARN_CONSTANT_CONVERSION = YES;
				CLANG_WARN_DIRECT_OBJC_ISA_USAGE = YES_ERROR;
				CLANG_WARN_DOCUMENTATION_COMMENTS = YES;
				CLANG_WARN_EMPTY_BODY = YES;
				CLANG_WARN_ENUM_CONVERSION = YES;
				CLANG_WARN_INFINITE_RECURSION = YES;
				CLANG_WARN_INT_CONVERSION = YES;
				CLANG_WARN_OBJC_ROOT_CLASS = YES_ERROR;
				CLANG_WARN_SUSPICIOUS_MOVES = YES;
				CLANG_WARN_UNREACHABLE_CODE = YES;
				CLANG_WARN__DUPLICATE_METHOD_MATCH = YES;
				"CODE_SIGN_IDENTITY[sdk=iphoneos*]" = "iPhone Developer";
				COPY_PHASE_STRIP = NO;
				DEBUG_INFORMATION_FORMAT = "dwarf-with-dsym";
				ENABLE_NS_ASSERTIONS = NO;
				ENABLE_STRICT_OBJC_MSGSEND = YES;
				GCC_C_LANGUAGE_STANDARD = gnu99;
				GCC_NO_COMMON_BLOCKS = YES;
				GCC_WARN_64_TO_32_BIT_CONVERSION = YES;
				GCC_WARN_ABOUT_RETURN_TYPE = YES_ERROR;
				GCC_WARN_UNDECLARED_SELECTOR = YES;
				GCC_WARN_UNINITIALIZED_AUTOS = YES_AGGRESSIVE;
				GCC_WARN_UNUSED_FUNCTION = YES;
				GCC_WARN_UNUSED_VARIABLE = YES;
				IPHONEOS_DEPLOYMENT_TARGET = 10.0;
				MTL_ENABLE_DEBUG_INFO = NO;
				SDKROOT = iphoneos;
				VALIDATE_PRODUCT = YES;
			};
			name = Release;
		};
		D06898461ED02EEA006FBA77 /* Debug */ = {
			isa = XCBuildConfiguration;
			buildSettings = {
				ASSETCATALOG_COMPILER_APPICON_NAME = AppIcon;
				INFOPLIST_FILE = MoveUp/Info.plist;
				LD_RUNPATH_SEARCH_PATHS = "$(inherited) @executable_path/Frameworks";
				PRODUCT_BUNDLE_IDENTIFIER = com.syg.MoveUp;
				PRODUCT_NAME = "$(TARGET_NAME)";
			};
			name = Debug;
		};
		D06898471ED02EEA006FBA77 /* Release */ = {
			isa = XCBuildConfiguration;
			buildSettings = {
				ASSETCATALOG_COMPILER_APPICON_NAME = AppIcon;
				INFOPLIST_FILE = MoveUp/Info.plist;
				LD_RUNPATH_SEARCH_PATHS = "$(inherited) @executable_path/Frameworks";
				PRODUCT_BUNDLE_IDENTIFIER = com.syg.MoveUp;
				PRODUCT_NAME = "$(TARGET_NAME)";
			};
			name = Release;
		};
/* End XCBuildConfiguration section */

/* Begin XCConfigurationList section */
		D06898291ED02EEA006FBA77 /* Build configuration list for PBXProject "MoveUp" */ = {
			isa = XCConfigurationList;
			buildConfigurations = (
				D06898431ED02EEA006FBA77 /* Debug */,
				D06898441ED02EEA006FBA77 /* Release */,
			);
			defaultConfigurationIsVisible = 0;
			defaultConfigurationName = Release;
		};
		D06898451ED02EEA006FBA77 /* Build configuration list for PBXNativeTarget "MoveUp" */ = {
			isa = XCConfigurationList;
			buildConfigurations = (
				D06898461ED02EEA006FBA77 /* Debug */,
				D06898471ED02EEA006FBA77 /* Release */,
			);
			defaultConfigurationIsVisible = 0;
		};
/* End XCConfigurationList section */
	};
	rootObject = D06898261ED02EEA006FBA77 /* Project object */;
}
