// !$*UTF8*$!
{
	archiveVersion = 1;
	classes = {
	};
	objectVersion = 46;
	objects = {

/* Begin PBXBuildFile section */
		D06898331ED02EEA006FBA77 /* main.m in Sources */ = {isa = PBXBuildFile; fileRef = D06898321ED02EEA006FBA77 /* main.m */; };
		D06898361ED02EEA006FBA77 /* AppDelegate.m in Sources */ = {isa = PBXBuildFile; fileRef = D06898351ED02EEA006FBA77 /* AppDelegate.m */; };
		D06898391ED02EEA006FBA77 /* ViewController.m in Sources */ = {isa = PBXBuildFile; fileRef = D06898381ED02EEA006FBA77 /* ViewController.m */; };
		D068983C1ED02EEA006FBA77 /* Main.storyboard in Resources */ = {isa = PBXBuildFile; fileRef = D068983A1ED02EEA006FBA77 /* Main.storyboard */; };
		D068983E1ED02EEA006FBA77 /* Assets.xcassets in Resources */ = {isa = PBXBuildFile; fileRef = D068983D1ED02EEA006FBA77 /* Assets.xcassets */; };
		D06898411ED02EEA006FBA77 /* LaunchScreen.storyboard in Resources */ = {isa = PBXBuildFile; fileRef = D068983F1ED02EEA006FBA77 /* LaunchScreen.storyboard */; };
/* End PBXBuildFile section */

/* Begin PBXFileReference section */
		D068982E1ED02EEA006FBA77 /* MoveUp.app */ = {isa = PBXFileReference; explicitFileType = wrapper.application; includeInIndex = 0; path = MoveUp.app; sourceTree = BUILT_PRODUCTS_DIR; };
		D06898321ED02EEA006FBA77 /* main.m */ = {isa = PBXFileReference; lastKnownFileType = sourcecode.c.objc; path = main.m; sourceTree = "<group>"; };
		D06898341ED02EEA006FBA77 /* AppDelegate.h */ = {isa = PBXFileReference; lastKnownFileType = sourcecode.c.h; path = AppDelegate.h; sourceTree = "<group>"; };
		D06898351ED02EEA006FBA77 /* AppDelegate.m */ = {isa = PBXFileReference; lastKnownFileType = sourcecode.c.objc; path = AppDelegate.m; sourceTree = "<group>"; };
		D06898371ED02EEA006FBA77 /* ViewController.h */ = {isa = PBXFileReference; lastKnownFileType = sourcecode.c.h; path = ViewController.h; sourceTree = "<group>"; };
		D06898381ED02EEA006FBA77 /* ViewController.m */ = {isa = PBXFileReference; lastKnownFileType = sourcecode.c.objc; path = ViewController.m; sourceTree = "<group>"; };
		D068983B1ED02EEA006FBA77 /* Base */ = {isa = PBXFileReference; lastKnownFileType = file.storyboard; name = Base; path = Base.lproj/Main.storyboard; sourceTree = "<group>"; };
		D068983D1ED02EEA006FBA77 /* Assets.xcassets */ = {isa = PBXFileReference; lastKnownFileType = folder.assetcatalog; path = Assets.xcassets; sourceTree = "<group>"; };
		D06898401ED02EEA006FBA77 /* Base */ = {isa = PBXFileReference; lastKnownFileType = file.storyboard; name = Base; path = Base.lproj/LaunchScreen.storyboard; sourceTree = "<group>"; };
		D06898421ED02EEA006FBA77 /* Info.plist */ = {isa = PBXFileReference; lastKnownFileType = text.plist.xml; path = Info.plist; sourceTree = "<group>"; };
/* End PBXFileReference section */

/* Begin PBXFrameworksBuildPhase section */
		D068982B1ED02EEA006FBA77 /* Frameworks */ = {
			isa = PBXFrameworksBuildPhase;
			buildActionMask = 2147483647;
			files = (
			);
			runOnlyForDeploymentPostprocessing = 0;
		};
/* End PBXFrameworksBuildPhase section */

/* Begin PBXGroup section */
		D06898251ED02EEA006FBA77 = {
			isa = PBXGroup;
			children = (
				D06898301ED02EEA006FBA77 /* MoveUp */,
				D068982F1ED02EEA006FBA77 /* Products */,
			);
			sourceTree = "<group>";
		};
		D068982F1ED02EEA006FBA77 /* Products */ = {
			isa = PBXGroup;
			children = (
				D068982E1ED02EEA006FBA77 /* MoveUp.app */,
			);
			name = Products;
			sourceTree = "<group>";
		};
		D06898301ED02EEA006FBA77 /* MoveUp */ = {
			isa = PBXGroup;
			children = (
				D06898341ED02EEA006FBA77 /* AppDelegate.h */,
				D06898351ED02EEA006FBA77 /* AppDelegate.m */,
				D06898371ED02EEA006FBA77 /* ViewController.h */,
				D06898381ED02EEA006FBA77 /* ViewController.m */,
				D068983A1ED02EEA006FBA77 /* Main.storyboard */,
				D068983D1ED02EEA006FBA77 /* Assets.xcassets */,
				D068983F1ED02EEA006FBA77 /* LaunchScreen.storyboard */,
				D06898421ED02EEA006FBA77 /* Info.plist */,
				D06898311ED02EEA006FBA77 /* Supporting Files */,
			);
			path = MoveUp;
			sourceTree = "<group>";
		};
		D06898311ED02EEA006FBA77 /* Supporting Files */ = {
			isa = PBXGroup;
			children = (
				D06898321ED02EEA006FBA77 /* main.m */,
			);
			name = "Supporting Files";
			sourceTree = "<group>";
		};
/* End PBXGroup section */

/* Begin PBXNativeTarget section */
		D068982D1ED02EEA006FBA77 /* MoveUp */ = {
			isa = PBXNativeTarget;
			buildConfigurationList = D06898451ED02EEA006FBA77 /* Build configuration list for PBXNativeTarget "MoveUp" */;
			buildPhases = (
				D068982A1ED02EEA006FBA77 /* Sources */,
				D068982B1ED02EEA006FBA77 /* Frameworks */,
				D068982C1ED02EEA006FBA77 /* Resources */,
			);
			buildRules = (
			);
			dependencies = (
			);
			name = MoveUp;
			productName = MoveUp;
			productReference = D068982E1ED02EEA006FBA77 /* MoveUp.app */;
			productType = "com.apple.product-type.application";
		};
/* End PBXNativeTarget section */

/* Begin PBXProject section */
		D06898261ED02EEA006FBA77 /* Project object */ = {
			isa = PBXProject;
			attributes = {
				LastUpgradeCheck = 0800;
				ORGANIZATIONNAME = sayyou2012;
				TargetAttributes = {
					D068982D1ED02EEA006FBA77 = {
						CreatedOnToolsVersion = 8.0;
						ProvisioningStyle = Automatic;
					};
				};
			};
			buildConfigurationList = D06898291ED02EEA006FBA77 /* Build configuration list for PBXProject "MoveUp" */;
			compatibilityVersion = "Xcode 3.2";
			developmentRegion = English;
			hasScannedForEncodings = 0;
			knownRegions = (
				en,
				Base,
			);
			mainGroup = D06898251ED02EEA006FBA77;
			productRefGroup = D068982F1ED02EEA006FBA77 /* Products */;
			projectDirPath = "";
			projectRoot = "";
			targets = (
				D068982D1ED02EEA006FBA77 /* MoveUp */,
			);
		};
/* End PBXProject section */

/* Begin PBXResourcesBuildPhase section */
		D068982C1ED02EEA006FBA77 /* Resources */ = {
			isa = PBXResourcesBuildPhase;
			buildActionMask = 2147483647;
			files = (
				D06898411ED02EEA006FBA77 /* LaunchScreen.storyboard in Resources */,
				D068983E1ED02EEA006FBA77 /* Assets.xcassets in Resources */,
				D068983C1ED02EEA006FBA77 /* Main.storyboard in Resources */,
			);
			runOnlyForDeploymentPostprocessing = 0;
		};
/* End PBXResourcesBuildPhase section */

/* Begin PBXSourcesBuildPhase section */
		D068982A1ED02EEA006FBA77 /* Sources */ = {
			isa = PBXSourcesBuildPhase;
			buildActionMask = 2147483647;
			files = (
				D06898391ED02EEA006FBA77 /* ViewController.m in Sources */,
				D06898361ED02EEA006FBA77 /* AppDelegate.m in Sources */,
				D06898331ED02EEA006FBA77 /* main.m in Sources */,
			);
			runOnlyForDeploymentPostprocessing = 0;
		};
/* End PBXSourcesBuildPhase section */

/* Begin PBXVariantGroup section */
		D068983A1ED02EEA006FBA77 /* Main.storyboard */ = {
			isa = PBXVariantGroup;
			children = (
				D068983B1ED02EEA006FBA77 /* Base */,
			);
			name = Main.storyboard;
			sourceTree = "<group>";
		};
		D068983F1ED02EEA006FBA77 /* LaunchScreen.storyboard */ = {
			isa = PBXVariantGroup;
			children = (
				D06898401ED02EEA006FBA77 /* Base */,
			);
			name = LaunchScreen.storyboard;
			sourceTree = "<group>";
		};
/* End PBXVariantGroup section */

/* Begin XCBuildConfiguration section */
		D06898431ED02EEA006FBA77 /* Debug */ = {
			isa = XCBuildConfiguration;
			buildSettings = {
				ALWAYS_SEARCH_USER_PATHS = NO;
				CLANG_ANALYZER_NONNULL = YES;
				CLANG_CXX_LANGUAGE_STANDARD = "gnu++0x";
				CLANG_CXX_LIBRARY = "libc++";
				CLANG_ENABLE_MODULES = YES;
				CLANG_ENABLE_OBJC_ARC = YES;
				CLANG_WARN_BOOL_CONVERSION = YES;
				CLANG_WARN_CONSTANT_CONVERSION = YES;
				CLANG_WARN_DIRECT_OBJC_ISA_USAGE = YES_ERROR;
				CLANG_WARN_DOCUMENTATION_COMMENTS = YES;
				CLANG_WARN_EMPTY_BODY = YES;
				CLANG_WARN_ENUM_CONVERSION = YES;
				CLANG_WARN_INFINITE_RECURSION = YES;
				CLANG_WARN_INT_CONVERSION = YES;
				CLANG_WARN_OBJC_ROOT_CLASS = YES_ERROR;
				CLANG_WARN_SUSPICIOUS_MOVES = YES;
				CLANG_WARN_UNREACHABLE_CODE = YES;
				CLANG_WARN__DUPLICATE_METHOD_MATCH = YES;
				"CODE_SIGN_IDENTITY[sdk=iphoneos*]" = "iPhone Developer";
				COPY_PHASE_STRIP = NO;
				DEBUG_INFORMATION_FORMAT = dwarf;
				ENABLE_STRICT_OBJC_MSGSEND = YES;
				ENABLE_TESTABILITY = YES;
				GCC_C_LANGUAGE_STANDARD = gnu99;
				GCC_DYNAMIC_NO_PIC = NO;
				GCC_NO_COMMON_BLOCKS = YES;
				GCC_OPTIMIZATION_LEVEL = 0;
				GCC_PREPROCESSOR_DEFINITIONS = (
					"DEBUG=1",
					"$(inherited)",
				);
				GCC_WARN_64_TO_32_BIT_CONVERSION = YES;
				GCC_WARN_ABOUT_RETURN_TYPE = YES_ERROR;
				GCC_WARN_UNDECLARED_SELECTOR = YES;
				GCC_WARN_UNINITIALIZED_AUTOS = YES_AGGRESSIVE;
				GCC_WARN_UNUSED_FUNCTION = YES;
				GCC_WARN_UNUSED_VARIABLE = YES;
				IPHONEOS_DEPLOYMENT_TARGET = 10.0;
				MTL_ENABLE_DEBUG_INFO = YES;
				ONLY_ACTIVE_ARCH = YES;
				SDKROOT = iphoneos;
			};
			name = Debug;
		};
		D06898441ED02EEA006FBA77 /* Release */ = {
			isa = XCBuildConfiguration;
			buildSettings = {
				ALWAYS_SEARCH_USER_PATHS = NO;
				CLANG_ANALYZER_NONNULL = YES;
				CLANG_CXX_LANGUAGE_STANDARD = "gnu++0x";
				CLANG_CXX_LIBRARY = "libc++";
				CLANG_ENABLE_MODULES = YES;
				CLANG_ENABLE_OBJC_ARC = YES;
				CLANG_WARN_BOOL_CONVERSION = YES;
				CLANG_WARN_CONSTANT_CONVERSION = YES;
				CLANG_WARN_DIRECT_OBJC_ISA_USAGE = YES_ERROR;
				CLANG_WARN_DOCUMENTATION_COMMENTS = YES;
				CLANG_WARN_EMPTY_BODY = YES;
				CLANG_WARN_ENUM_CONVERSION = YES;
				CLANG_WARN_INFINITE_RECURSION = YES;
				CLANG_WARN_INT_CONVERSION = YES;
				CLANG_WARN_OBJC_ROOT_CLASS = YES_ERROR;
				CLANG_WARN_SUSPICIOUS_MOVES = YES;
				CLANG_WARN_UNREACHABLE_CODE = YES;
				CLANG_WARN__DUPLICATE_METHOD_MATCH = YES;
				"CODE_SIGN_IDENTITY[sdk=iphoneos*]" = "iPhone Developer";
				COPY_PHASE_STRIP = NO;
				DEBUG_INFORMATION_FORMAT = "dwarf-with-dsym";
				ENABLE_NS_ASSERTIONS = NO;
				ENABLE_STRICT_OBJC_MSGSEND = YES;
				GCC_C_LANGUAGE_STANDARD = gnu99;
				GCC_NO_COMMON_BLOCKS = YES;
				GCC_WARN_64_TO_32_BIT_CONVERSION = YES;
				GCC_WARN_ABOUT_RETURN_TYPE = YES_ERROR;
				GCC_WARN_UNDECLARED_SELECTOR = YES;
				GCC_WARN_UNINITIALIZED_AUTOS = YES_AGGRESSIVE;
				GCC_WARN_UNUSED_FUNCTION = YES;
				GCC_WARN_UNUSED_VARIABLE = YES;
				IPHONEOS_DEPLOYMENT_TARGET = 10.0;
				MTL_ENABLE_DEBUG_INFO = NO;
				SDKROOT = iphoneos;
				VALIDATE_PRODUCT = YES;
			};
			name = Release;
		};
		D06898461ED02EEA006FBA77 /* Debug */ = {
			isa = XCBuildConfiguration;
			buildSettings = {
				ASSETCATALOG_COMPILER_APPICON_NAME = AppIcon;
				INFOPLIST_FILE = MoveUp/Info.plist;
				LD_RUNPATH_SEARCH_PATHS = "$(inherited) @executable_path/Frameworks";
				PRODUCT_BUNDLE_IDENTIFIER = com.syg.MoveUp;
				PRODUCT_NAME = "$(TARGET_NAME)";
			};
			name = Debug;
		};
		D06898471ED02EEA006FBA77 /* Release */ = {
			isa = XCBuildConfiguration;
			buildSettings = {
				ASSETCATALOG_COMPILER_APPICON_NAME = AppIcon;
				INFOPLIST_FILE = MoveUp/Info.plist;
				LD_RUNPATH_SEARCH_PATHS = "$(inherited) @executable_path/Frameworks";
				PRODUCT_BUNDLE_IDENTIFIER = com.syg.MoveUp;
				PRODUCT_NAME = "$(TARGET_NAME)";
			};
			name = Release;
		};
/* End XCBuildConfiguration section */

/* Begin XCConfigurationList section */
		D06898291ED02EEA006FBA77 /* Build configuration list for PBXProject "MoveUp" */ = {
			isa = XCConfigurationList;
			buildConfigurations = (
				D06898431ED02EEA006FBA77 /* Debug */,
				D06898441ED02EEA006FBA77 /* Release */,
			);
			defaultConfigurationIsVisible = 0;
			defaultConfigurationName = Release;
		};
		D06898451ED02EEA006FBA77 /* Build configuration list for PBXNativeTarget "MoveUp" */ = {
			isa = XCConfigurationList;
			buildConfigurations = (
				D06898461ED02EEA006FBA77 /* Debug */,
				D06898471ED02EEA006FBA77 /* Release */,
			);
			defaultConfigurationIsVisible = 0;
		};
/* End XCConfigurationList section */
	};
	rootObject = D06898261ED02EEA006FBA77 /* Project object */;
}
